// !$*UTF8*$!
{
	archiveVersion = 1;
	classes = {
	};
	objectVersion = 48;
	objects = {

/* Begin PBXAggregateTarget section */
		A7646D301FB9908E0011BBEF /* csenseIosViewsFramework */ = {
			isa = PBXAggregateTarget;
			buildConfigurationList = A7646D331FB9908E0011BBEF /* Build configuration list for PBXAggregateTarget "csenseIosViewsFramework" */;
			buildPhases = (
				A7646D341FB9909D0011BBEF /* Generate framework */,
			);
			dependencies = (
			);
			name = csenseIosViewsFramework;
			productName = csenseIosViewsFramework;
		};
/* End PBXAggregateTarget section */

/* Begin PBXBuildFile section */
		A706DE851FAF6E9D003FEAE6 /* TableDataContainerTests.swift in Sources */ = {isa = PBXBuildFile; fileRef = A706DE841FAF6E9D003FEAE6 /* TableDataContainerTests.swift */; };
		A72802821FCA2492004BDC8A /* NibableView.swift in Sources */ = {isa = PBXBuildFile; fileRef = A72802811FCA2492004BDC8A /* NibableView.swift */; };
		A72802841FCA2497004BDC8A /* NibLoader.swift in Sources */ = {isa = PBXBuildFile; fileRef = A72802831FCA2497004BDC8A /* NibLoader.swift */; };
		A72802861FCC170A004BDC8A /* UITableViewExtensions.swift in Sources */ = {isa = PBXBuildFile; fileRef = A72802851FCC170A004BDC8A /* UITableViewExtensions.swift */; };
		A72C81422004076700D6D2B4 /* TableDataContainerUpdates.swift in Sources */ = {isa = PBXBuildFile; fileRef = A72C81412004076700D6D2B4 /* TableDataContainerUpdates.swift */; };
		A72C814420040A5800D6D2B4 /* TableDataSection.swift in Sources */ = {isa = PBXBuildFile; fileRef = A72C814320040A5800D6D2B4 /* TableDataSection.swift */; };
		A781095A2002EE1F00C2388A /* SimpleTableTests.swift in Sources */ = {isa = PBXBuildFile; fileRef = A78109592002EE1F00C2388A /* SimpleTableTests.swift */; };
		A7B06DDD20028ECB00FAEDD6 /* csenseIosBase.framework in Frameworks */ = {isa = PBXBuildFile; fileRef = A7B06DDB20028ECB00FAEDD6 /* csenseIosBase.framework */; };
		A7B06DDE20028ECB00FAEDD6 /* csenseSwift.framework in Frameworks */ = {isa = PBXBuildFile; fileRef = A7B06DDC20028ECB00FAEDD6 /* csenseSwift.framework */; };
		A7D3CDC41FADE61F00A8633F /* csenseIosViews.framework in Frameworks */ = {isa = PBXBuildFile; fileRef = A7D3CDBA1FADE61E00A8633F /* csenseIosViews.framework */; };
		A7D3CDCB1FADE61F00A8633F /* csenseIosViews.h in Headers */ = {isa = PBXBuildFile; fileRef = A7D3CDBD1FADE61E00A8633F /* csenseIosViews.h */; settings = {ATTRIBUTES = (Public, ); }; };
		A7D3CE441FADEBF500A8633F /* BaseNibView.swift in Sources */ = {isa = PBXBuildFile; fileRef = A7D3CE431FADEBF500A8633F /* BaseNibView.swift */; };
		A7D3CE461FADEC5700A8633F /* SimpleTableView.swift in Sources */ = {isa = PBXBuildFile; fileRef = A7D3CE451FADEC5700A8633F /* SimpleTableView.swift */; };
		A7D3CE491FADED8200A8633F /* TableDataContainer.swift in Sources */ = {isa = PBXBuildFile; fileRef = A7D3CE481FADED8200A8633F /* TableDataContainer.swift */; };
		BC23630F8F6A19A5035E301D /* GenericTableItemRender.swift in Sources */ = {isa = PBXBuildFile; fileRef = BC236443CFF76F7E23640F62 /* GenericTableItemRender.swift */; };
		BC236419B5CBDE8957F80ECB /* RenderIntegrations.swift in Sources */ = {isa = PBXBuildFile; fileRef = BC23668FBCDE4A0FF1E18033 /* RenderIntegrations.swift */; };
		BC23648778EC760C7D0338C5 /* UILabelExtensions.swift in Sources */ = {isa = PBXBuildFile; fileRef = BC236424A6162C26150DBA07 /* UILabelExtensions.swift */; };
		BC23654032DD09EDC85DC1E4 /* GenericTableHeaderItem.swift in Sources */ = {isa = PBXBuildFile; fileRef = BC2367FD51359F19CB02D447 /* GenericTableHeaderItem.swift */; };
		BC2365AA1192B7349F715B46 /* UIButtonExtensions.swift in Sources */ = {isa = PBXBuildFile; fileRef = BC23671697191C08B0D98537 /* UIButtonExtensions.swift */; };
		BC2367FC9D3FA2B867EDE893 /* GenericTableHeaderItemRender.swift in Sources */ = {isa = PBXBuildFile; fileRef = BC2362749F5E8CA4E9445438 /* GenericTableHeaderItemRender.swift */; };
		BC23692B80A59BA02A03B287 /* NibRegistrator.swift in Sources */ = {isa = PBXBuildFile; fileRef = BC2361FB9FE3F4D09CCD82D6 /* NibRegistrator.swift */; };
		BC236A14C1A7F3E25EB5A9AE /* UIViewControllerExtensions.swift in Sources */ = {isa = PBXBuildFile; fileRef = BC236378156EC70D4CA30395 /* UIViewControllerExtensions.swift */; };
		BC236C17C551432CC6071064 /* SpacerTableViewCell.xib in Resources */ = {isa = PBXBuildFile; fileRef = BC2368FA159A6935E8B12B34 /* SpacerTableViewCell.xib */; };
		BC236C4A69A39D4DA7AC5873 /* SpacerTableViewCellRender.swift in Sources */ = {isa = PBXBuildFile; fileRef = BC23673C788364087F1982B2 /* SpacerTableViewCellRender.swift */; };
		BC236C8451F6ECB55B1F8026 /* GenericTableItem.swift in Sources */ = {isa = PBXBuildFile; fileRef = BC2367E701C5210A6139CE43 /* GenericTableItem.swift */; };
		BC236CB7CF179E0DE71C7F36 /* UIViewExtensions.swift in Sources */ = {isa = PBXBuildFile; fileRef = BC2368A24BD10A48F01C5B5B /* UIViewExtensions.swift */; };
		BC236D7957A6737D253C51FB /* BaseTableViewHeaderItemRender.swift in Sources */ = {isa = PBXBuildFile; fileRef = BC23649BE47E3413D0D46A7F /* BaseTableViewHeaderItemRender.swift */; };
		BC236D8047C23D869164D59F /* BaseTableViewItemRender.swift in Sources */ = {isa = PBXBuildFile; fileRef = BC236BC32F3632D62565595D /* BaseTableViewItemRender.swift */; };
/* End PBXBuildFile section */

/* Begin PBXContainerItemProxy section */
		A7D3CDC51FADE61F00A8633F /* PBXContainerItemProxy */ = {
			isa = PBXContainerItemProxy;
			containerPortal = A7D3CDB11FADE61E00A8633F /* Project object */;
			proxyType = 1;
			remoteGlobalIDString = A7D3CDB91FADE61E00A8633F;
			remoteInfo = csenseIosViews;
		};
/* End PBXContainerItemProxy section */

/* Begin PBXFileReference section */
		A706DE841FAF6E9D003FEAE6 /* TableDataContainerTests.swift */ = {isa = PBXFileReference; lastKnownFileType = sourcecode.swift; path = TableDataContainerTests.swift; sourceTree = "<group>"; };
		A72802811FCA2492004BDC8A /* NibableView.swift */ = {isa = PBXFileReference; lastKnownFileType = sourcecode.swift; path = NibableView.swift; sourceTree = "<group>"; };
		A72802831FCA2497004BDC8A /* NibLoader.swift */ = {isa = PBXFileReference; lastKnownFileType = sourcecode.swift; path = NibLoader.swift; sourceTree = "<group>"; };
		A72802851FCC170A004BDC8A /* UITableViewExtensions.swift */ = {isa = PBXFileReference; lastKnownFileType = sourcecode.swift; path = UITableViewExtensions.swift; sourceTree = "<group>"; };
		A72C81412004076700D6D2B4 /* TableDataContainerUpdates.swift */ = {isa = PBXFileReference; lastKnownFileType = sourcecode.swift; path = TableDataContainerUpdates.swift; sourceTree = "<group>"; };
		A72C814320040A5800D6D2B4 /* TableDataSection.swift */ = {isa = PBXFileReference; lastKnownFileType = sourcecode.swift; path = TableDataSection.swift; sourceTree = "<group>"; };
		A78109592002EE1F00C2388A /* SimpleTableTests.swift */ = {isa = PBXFileReference; lastKnownFileType = sourcecode.swift; path = SimpleTableTests.swift; sourceTree = "<group>"; };
		A788BADB1FB058DE00A52E0F /* Cartfile */ = {isa = PBXFileReference; lastKnownFileType = text; path = Cartfile; sourceTree = "<group>"; };
		A7B06DCB2000F2FA00FAEDD6 /* .swiftlint.yml */ = {isa = PBXFileReference; lastKnownFileType = text; path = .swiftlint.yml; sourceTree = "<group>"; };
		A7B06DDB20028ECB00FAEDD6 /* csenseIosBase.framework */ = {isa = PBXFileReference; lastKnownFileType = wrapper.framework; name = csenseIosBase.framework; path = Carthage/Build/iOS/csenseIosBase.framework; sourceTree = "<group>"; };
		A7B06DDC20028ECB00FAEDD6 /* csenseSwift.framework */ = {isa = PBXFileReference; lastKnownFileType = wrapper.framework; name = csenseSwift.framework; path = Carthage/Build/iOS/csenseSwift.framework; sourceTree = "<group>"; };
		A7D3CDBA1FADE61E00A8633F /* csenseIosViews.framework */ = {isa = PBXFileReference; explicitFileType = wrapper.framework; includeInIndex = 0; path = csenseIosViews.framework; sourceTree = BUILT_PRODUCTS_DIR; };
		A7D3CDBD1FADE61E00A8633F /* csenseIosViews.h */ = {isa = PBXFileReference; lastKnownFileType = sourcecode.c.h; path = csenseIosViews.h; sourceTree = "<group>"; };
		A7D3CDBE1FADE61E00A8633F /* Info.plist */ = {isa = PBXFileReference; lastKnownFileType = text.plist.xml; path = Info.plist; sourceTree = "<group>"; };
		A7D3CDC31FADE61F00A8633F /* csenseIosViewsTests.xctest */ = {isa = PBXFileReference; explicitFileType = wrapper.cfbundle; includeInIndex = 0; path = csenseIosViewsTests.xctest; sourceTree = BUILT_PRODUCTS_DIR; };
		A7D3CDCA1FADE61F00A8633F /* Info.plist */ = {isa = PBXFileReference; lastKnownFileType = text.plist.xml; path = Info.plist; sourceTree = "<group>"; };
		A7D3CE431FADEBF500A8633F /* BaseNibView.swift */ = {isa = PBXFileReference; lastKnownFileType = sourcecode.swift; path = BaseNibView.swift; sourceTree = "<group>"; };
		A7D3CE451FADEC5700A8633F /* SimpleTableView.swift */ = {isa = PBXFileReference; lastKnownFileType = sourcecode.swift; path = SimpleTableView.swift; sourceTree = "<group>"; };
		A7D3CE481FADED8200A8633F /* TableDataContainer.swift */ = {isa = PBXFileReference; lastKnownFileType = sourcecode.swift; path = TableDataContainer.swift; sourceTree = "<group>"; };
		BC2361FB9FE3F4D09CCD82D6 /* NibRegistrator.swift */ = {isa = PBXFileReference; fileEncoding = 4; lastKnownFileType = sourcecode.swift; path = NibRegistrator.swift; sourceTree = "<group>"; };
		BC2362749F5E8CA4E9445438 /* GenericTableHeaderItemRender.swift */ = {isa = PBXFileReference; fileEncoding = 4; lastKnownFileType = sourcecode.swift; path = GenericTableHeaderItemRender.swift; sourceTree = "<group>"; };
		BC236378156EC70D4CA30395 /* UIViewControllerExtensions.swift */ = {isa = PBXFileReference; fileEncoding = 4; lastKnownFileType = sourcecode.swift; path = UIViewControllerExtensions.swift; sourceTree = "<group>"; };
		BC236424A6162C26150DBA07 /* UILabelExtensions.swift */ = {isa = PBXFileReference; fileEncoding = 4; lastKnownFileType = sourcecode.swift; path = UILabelExtensions.swift; sourceTree = "<group>"; };
		BC236443CFF76F7E23640F62 /* GenericTableItemRender.swift */ = {isa = PBXFileReference; fileEncoding = 4; lastKnownFileType = sourcecode.swift; path = GenericTableItemRender.swift; sourceTree = "<group>"; };
		BC23649BE47E3413D0D46A7F /* BaseTableViewHeaderItemRender.swift */ = {isa = PBXFileReference; fileEncoding = 4; lastKnownFileType = sourcecode.swift; path = BaseTableViewHeaderItemRender.swift; sourceTree = "<group>"; };
		BC23668FBCDE4A0FF1E18033 /* RenderIntegrations.swift */ = {isa = PBXFileReference; fileEncoding = 4; lastKnownFileType = sourcecode.swift; path = RenderIntegrations.swift; sourceTree = "<group>"; };
		BC23671697191C08B0D98537 /* UIButtonExtensions.swift */ = {isa = PBXFileReference; fileEncoding = 4; lastKnownFileType = sourcecode.swift; path = UIButtonExtensions.swift; sourceTree = "<group>"; };
		BC23673C788364087F1982B2 /* SpacerTableViewCellRender.swift */ = {isa = PBXFileReference; fileEncoding = 4; lastKnownFileType = sourcecode.swift; path = SpacerTableViewCellRender.swift; sourceTree = "<group>"; };
		BC2367E701C5210A6139CE43 /* GenericTableItem.swift */ = {isa = PBXFileReference; fileEncoding = 4; lastKnownFileType = sourcecode.swift; path = GenericTableItem.swift; sourceTree = "<group>"; };
		BC2367FD51359F19CB02D447 /* GenericTableHeaderItem.swift */ = {isa = PBXFileReference; fileEncoding = 4; lastKnownFileType = sourcecode.swift; path = GenericTableHeaderItem.swift; sourceTree = "<group>"; };
		BC2368A24BD10A48F01C5B5B /* UIViewExtensions.swift */ = {isa = PBXFileReference; fileEncoding = 4; lastKnownFileType = sourcecode.swift; path = UIViewExtensions.swift; sourceTree = "<group>"; };
		BC2368FA159A6935E8B12B34 /* SpacerTableViewCell.xib */ = {isa = PBXFileReference; lastKnownFileType = file.xib; path = SpacerTableViewCell.xib; sourceTree = "<group>"; };
		BC236BC32F3632D62565595D /* BaseTableViewItemRender.swift */ = {isa = PBXFileReference; fileEncoding = 4; lastKnownFileType = sourcecode.swift; path = BaseTableViewItemRender.swift; sourceTree = "<group>"; };
/* End PBXFileReference section */

/* Begin PBXFrameworksBuildPhase section */
		A7D3CDB61FADE61E00A8633F /* Frameworks */ = {
			isa = PBXFrameworksBuildPhase;
			buildActionMask = 2147483647;
			files = (
				A7B06DDD20028ECB00FAEDD6 /* csenseIosBase.framework in Frameworks */,
				A7B06DDE20028ECB00FAEDD6 /* csenseSwift.framework in Frameworks */,
			);
			runOnlyForDeploymentPostprocessing = 0;
		};
		A7D3CDC01FADE61F00A8633F /* Frameworks */ = {
			isa = PBXFrameworksBuildPhase;
			buildActionMask = 2147483647;
			files = (
				A7D3CDC41FADE61F00A8633F /* csenseIosViews.framework in Frameworks */,
			);
			runOnlyForDeploymentPostprocessing = 0;
		};
/* End PBXFrameworksBuildPhase section */

/* Begin PBXGroup section */
		A706DE831FAF6E95003FEAE6 /* tableview */ = {
			isa = PBXGroup;
			children = (
				A706DE841FAF6E9D003FEAE6 /* TableDataContainerTests.swift */,
				A78109592002EE1F00C2388A /* SimpleTableTests.swift */,
			);
			path = tableview;
			sourceTree = "<group>";
		};
		A7D3CDB01FADE61E00A8633F = {
			isa = PBXGroup;
			children = (
				A7B06DCB2000F2FA00FAEDD6 /* .swiftlint.yml */,
				A788BADB1FB058DE00A52E0F /* Cartfile */,
				A7D3CDBC1FADE61E00A8633F /* csenseIosViews */,
				A7D3CDC71FADE61F00A8633F /* csenseIosViewsTests */,
				A7D3CDBB1FADE61E00A8633F /* Products */,
				A7D3CE501FAE8C8C00A8633F /* Frameworks */,
			);
			sourceTree = "<group>";
		};
		A7D3CDBB1FADE61E00A8633F /* Products */ = {
			isa = PBXGroup;
			children = (
				A7D3CDBA1FADE61E00A8633F /* csenseIosViews.framework */,
				A7D3CDC31FADE61F00A8633F /* csenseIosViewsTests.xctest */,
			);
			name = Products;
			sourceTree = "<group>";
		};
		A7D3CDBC1FADE61E00A8633F /* csenseIosViews */ = {
			isa = PBXGroup;
			children = (
				A7D3CE471FADEC5B00A8633F /* tableview */,
				A7D3CE421FADEBE300A8633F /* base */,
				A7D3CDBD1FADE61E00A8633F /* csenseIosViews.h */,
				A7D3CDBE1FADE61E00A8633F /* Info.plist */,
				BC236B339073B33A02078AD2 /* extensions */,
			);
			path = csenseIosViews;
			sourceTree = "<group>";
		};
		A7D3CDC71FADE61F00A8633F /* csenseIosViewsTests */ = {
			isa = PBXGroup;
			children = (
				A706DE831FAF6E95003FEAE6 /* tableview */,
				A7D3CDCA1FADE61F00A8633F /* Info.plist */,
			);
			path = csenseIosViewsTests;
			sourceTree = "<group>";
		};
		A7D3CE421FADEBE300A8633F /* base */ = {
			isa = PBXGroup;
			children = (
				A7D3CE431FADEBF500A8633F /* BaseNibView.swift */,
				A72802811FCA2492004BDC8A /* NibableView.swift */,
				A72802831FCA2497004BDC8A /* NibLoader.swift */,
			);
			path = base;
			sourceTree = "<group>";
		};
		A7D3CE471FADEC5B00A8633F /* tableview */ = {
			isa = PBXGroup;
			children = (
				A7D3CE451FADEC5700A8633F /* SimpleTableView.swift */,
				A7D3CE481FADED8200A8633F /* TableDataContainer.swift */,
				A72C81412004076700D6D2B4 /* TableDataContainerUpdates.swift */,
				BC23679D901F662E80DF5E5F /* header */,
				BC236AA80291ECD46928CFA6 /* items */,
				BC2368BD6C199962ADB9D9F2 /* footer */,
				BC2362031772CAC05A6226D1 /* commonItems */,
				BC23668FBCDE4A0FF1E18033 /* RenderIntegrations.swift */,
				BC2361FB9FE3F4D09CCD82D6 /* NibRegistrator.swift */,
				A72C814320040A5800D6D2B4 /* TableDataSection.swift */,
			);
			path = tableview;
			sourceTree = "<group>";
		};
		A7D3CE501FAE8C8C00A8633F /* Frameworks */ = {
			isa = PBXGroup;
			children = (
				A7B06DDB20028ECB00FAEDD6 /* csenseIosBase.framework */,
				A7B06DDC20028ECB00FAEDD6 /* csenseSwift.framework */,
			);
			name = Frameworks;
			sourceTree = "<group>";
		};
		BC2362031772CAC05A6226D1 /* commonItems */ = {
			isa = PBXGroup;
			children = (
				BC23673C788364087F1982B2 /* SpacerTableViewCellRender.swift */,
				BC2368FA159A6935E8B12B34 /* SpacerTableViewCell.xib */,
			);
			path = commonItems;
			sourceTree = "<group>";
		};
		BC23679D901F662E80DF5E5F /* header */ = {
			isa = PBXGroup;
			children = (
				BC23649BE47E3413D0D46A7F /* BaseTableViewHeaderItemRender.swift */,
				BC2367FD51359F19CB02D447 /* GenericTableHeaderItem.swift */,
				BC2362749F5E8CA4E9445438 /* GenericTableHeaderItemRender.swift */,
			);
			path = header;
			sourceTree = "<group>";
		};
		BC2368BD6C199962ADB9D9F2 /* footer */ = {
			isa = PBXGroup;
			children = (
			);
			path = footer;
			sourceTree = "<group>";
		};
		BC236AA80291ECD46928CFA6 /* items */ = {
			isa = PBXGroup;
			children = (
				BC236BC32F3632D62565595D /* BaseTableViewItemRender.swift */,
				BC236443CFF76F7E23640F62 /* GenericTableItemRender.swift */,
				BC2367E701C5210A6139CE43 /* GenericTableItem.swift */,
			);
			path = items;
			sourceTree = "<group>";
		};
		BC236B339073B33A02078AD2 /* extensions */ = {
			isa = PBXGroup;
			children = (
				BC2368A24BD10A48F01C5B5B /* UIViewExtensions.swift */,
				BC236378156EC70D4CA30395 /* UIViewControllerExtensions.swift */,
				BC23671697191C08B0D98537 /* UIButtonExtensions.swift */,
				BC236424A6162C26150DBA07 /* UILabelExtensions.swift */,
				A72802851FCC170A004BDC8A /* UITableViewExtensions.swift */,
			);
			path = extensions;
			sourceTree = "<group>";
		};
/* End PBXGroup section */

/* Begin PBXHeadersBuildPhase section */
		A7D3CDB71FADE61E00A8633F /* Headers */ = {
			isa = PBXHeadersBuildPhase;
			buildActionMask = 2147483647;
			files = (
				A7D3CDCB1FADE61F00A8633F /* csenseIosViews.h in Headers */,
			);
			runOnlyForDeploymentPostprocessing = 0;
		};
/* End PBXHeadersBuildPhase section */

/* Begin PBXNativeTarget section */
		A7D3CDB91FADE61E00A8633F /* csenseIosViews */ = {
			isa = PBXNativeTarget;
			buildConfigurationList = A7D3CDCE1FADE61F00A8633F /* Build configuration list for PBXNativeTarget "csenseIosViews" */;
			buildPhases = (
				A7B06DD82000F50200FAEDD6 /* swiftlint */,
				A7D3CDB51FADE61E00A8633F /* Sources */,
				A7D3CDB61FADE61E00A8633F /* Frameworks */,
				A7D3CDB71FADE61E00A8633F /* Headers */,
				A7D3CDB81FADE61E00A8633F /* Resources */,
			);
			buildRules = (
			);
			dependencies = (
			);
			name = csenseIosViews;
			productName = csenseIosViews;
			productReference = A7D3CDBA1FADE61E00A8633F /* csenseIosViews.framework */;
			productType = "com.apple.product-type.framework";
		};
		A7D3CDC21FADE61F00A8633F /* csenseIosViewsTests */ = {
			isa = PBXNativeTarget;
			buildConfigurationList = A7D3CDD11FADE61F00A8633F /* Build configuration list for PBXNativeTarget "csenseIosViewsTests" */;
			buildPhases = (
				A7D3CDBF1FADE61F00A8633F /* Sources */,
				A7D3CDC01FADE61F00A8633F /* Frameworks */,
				A7D3CDC11FADE61F00A8633F /* Resources */,
			);
			buildRules = (
			);
			dependencies = (
				A7D3CDC61FADE61F00A8633F /* PBXTargetDependency */,
			);
			name = csenseIosViewsTests;
			productName = csenseIosViewsTests;
			productReference = A7D3CDC31FADE61F00A8633F /* csenseIosViewsTests.xctest */;
			productType = "com.apple.product-type.bundle.unit-test";
		};
/* End PBXNativeTarget section */

/* Begin PBXProject section */
		A7D3CDB11FADE61E00A8633F /* Project object */ = {
			isa = PBXProject;
			attributes = {
				LastSwiftUpdateCheck = 0900;
				LastUpgradeCheck = 0900;
				ORGANIZATIONNAME = commonsense;
				TargetAttributes = {
					A7646D301FB9908E0011BBEF = {
						CreatedOnToolsVersion = 9.1;
						ProvisioningStyle = Automatic;
					};
					A7D3CDB91FADE61E00A8633F = {
						CreatedOnToolsVersion = 9.0.1;
						LastSwiftMigration = 0900;
						ProvisioningStyle = Manual;
					};
					A7D3CDC21FADE61F00A8633F = {
						CreatedOnToolsVersion = 9.0.1;
						ProvisioningStyle = Manual;
					};
				};
			};
			buildConfigurationList = A7D3CDB41FADE61E00A8633F /* Build configuration list for PBXProject "csenseIosViews" */;
			compatibilityVersion = "Xcode 8.0";
			developmentRegion = en;
			hasScannedForEncodings = 0;
			knownRegions = (
				en,
			);
			mainGroup = A7D3CDB01FADE61E00A8633F;
			productRefGroup = A7D3CDBB1FADE61E00A8633F /* Products */;
			projectDirPath = "";
			projectRoot = "";
			targets = (
				A7D3CDB91FADE61E00A8633F /* csenseIosViews */,
				A7D3CDC21FADE61F00A8633F /* csenseIosViewsTests */,
				A7646D301FB9908E0011BBEF /* csenseIosViewsFramework */,
			);
		};
/* End PBXProject section */

/* Begin PBXResourcesBuildPhase section */
		A7D3CDB81FADE61E00A8633F /* Resources */ = {
			isa = PBXResourcesBuildPhase;
			buildActionMask = 2147483647;
			files = (
				BC236C17C551432CC6071064 /* SpacerTableViewCell.xib in Resources */,
			);
			runOnlyForDeploymentPostprocessing = 0;
		};
		A7D3CDC11FADE61F00A8633F /* Resources */ = {
			isa = PBXResourcesBuildPhase;
			buildActionMask = 2147483647;
			files = (
			);
			runOnlyForDeploymentPostprocessing = 0;
		};
/* End PBXResourcesBuildPhase section */

/* Begin PBXShellScriptBuildPhase section */
		A7646D341FB9909D0011BBEF /* Generate framework */ = {
			isa = PBXShellScriptBuildPhase;
			buildActionMask = 2147483647;
			files = (
			);
			inputPaths = (
			);
			name = "Generate framework";
			outputPaths = (
			);
			runOnlyForDeploymentPostprocessing = 0;
			shellPath = /bin/sh;
			shellScript = "#!/bin/sh\n\n\nUNIVERSAL_OUTPUTFOLDER=${BUILD_DIR}/${CONFIGURATION}-universal\n\n\n# make sure the output directory exists\n\nmkdir -p \"${UNIVERSAL_OUTPUTFOLDER}\"\n\n\n# Step 1. Build Device and Simulator versions\n\nxcodebuild BITCODE_GENERATION_MODE=bitcode OTHER_CFLAGS=\"-fembed-bitcode\" -target \"${PROJECT_NAME}\" ONLY_ACTIVE_ARCH=NO -configuration ${CONFIGURATION} -sdk iphoneos  BUILD_DIR=\"${BUILD_DIR}\" BUILD_ROOT=\"${BUILD_ROOT}\" clean build OTHER_LDFLAGS=\"-ObjC -fembed-bitcode\"\n\nxcodebuild BITCODE_GENERATION_MODE=bitcode OTHER_CFLAGS=\"-fembed-bitcode-marker\" -target \"${PROJECT_NAME}\" -configuration ${CONFIGURATION} -sdk iphonesimulator ONLY_ACTIVE_ARCH=NO BUILD_DIR=\"${BUILD_DIR}\" BUILD_ROOT=\"${BUILD_ROOT}\" clean build OTHER_LDFLAGS=\"-ObjC\"\n\n\n# Step 2. Copy the framework structure (from iphoneos build) to the universal folder\n\ncp -R \"${BUILD_DIR}/${CONFIGURATION}-iphoneos/${PROJECT_NAME}.framework\" \"${UNIVERSAL_OUTPUTFOLDER}/\"\n\n\n# Step 3. Copy Swift modules from iphonesimulator build (if it exists) to the copied framework directory\n\nSIMULATOR_SWIFT_MODULES_DIR=\"${BUILD_DIR}/${CONFIGURATION}-iphonesimulator/${PROJECT_NAME}.framework/Modules/${PROJECT_NAME}.swiftmodule/.\"\n\nif [ -d \"${SIMULATOR_SWIFT_MODULES_DIR}\" ]; then\n\ncp -R \"${SIMULATOR_SWIFT_MODULES_DIR}\" \"${UNIVERSAL_OUTPUTFOLDER}/${PROJECT_NAME}.framework/Modules/${PROJECT_NAME}.swiftmodule\"\n\nfi\n\n\n# Step 4. Create universal binary file using lipo and place the combined executable in the copied framework directory\n\nlipo -create -output \"${UNIVERSAL_OUTPUTFOLDER}/${PROJECT_NAME}.framework/${PROJECT_NAME}\" \"${BUILD_DIR}/${CONFIGURATION}-iphonesimulator/${PROJECT_NAME}.framework/${PROJECT_NAME}\" \"${BUILD_DIR}/${CONFIGURATION}-iphoneos/${PROJECT_NAME}.framework/${PROJECT_NAME}\"\n\n\n# Step 5. Convenience step to copy the framework to the project's directory\n\ncp -R \"${UNIVERSAL_OUTPUTFOLDER}/${PROJECT_NAME}.framework\" \"${PROJECT_DIR}\"\n\n\n# Step 6. Convenience step to open the project's directory in Finder\n\nopen \"${BUILD_DIR}/${CONFIGURATION}-universal\"\n";
		};
		A7B06DD82000F50200FAEDD6 /* swiftlint */ = {
			isa = PBXShellScriptBuildPhase;
			buildActionMask = 2147483647;
			files = (
			);
			inputPaths = (
			);
			name = swiftlint;
			outputPaths = (
			);
			runOnlyForDeploymentPostprocessing = 0;
			shellPath = /bin/sh;
			shellScript = "if which swiftlint >/dev/null; then\nswiftlint --config .swiftlint.yml\nelse\necho \"warning: SwiftLint not installed, download from https://github.com/realm/SwiftLint\"\nfi";
		};
/* End PBXShellScriptBuildPhase section */

/* Begin PBXSourcesBuildPhase section */
		A7D3CDB51FADE61E00A8633F /* Sources */ = {
			isa = PBXSourcesBuildPhase;
			buildActionMask = 2147483647;
			files = (
				A7D3CE441FADEBF500A8633F /* BaseNibView.swift in Sources */,
				A7D3CE491FADED8200A8633F /* TableDataContainer.swift in Sources */,
				A7D3CE461FADEC5700A8633F /* SimpleTableView.swift in Sources */,
				BC236CB7CF179E0DE71C7F36 /* UIViewExtensions.swift in Sources */,
				BC236A14C1A7F3E25EB5A9AE /* UIViewControllerExtensions.swift in Sources */,
				BC2365AA1192B7349F715B46 /* UIButtonExtensions.swift in Sources */,
				A72802861FCC170A004BDC8A /* UITableViewExtensions.swift in Sources */,
				BC23648778EC760C7D0338C5 /* UILabelExtensions.swift in Sources */,
				BC236D7957A6737D253C51FB /* BaseTableViewHeaderItemRender.swift in Sources */,
				A72C81422004076700D6D2B4 /* TableDataContainerUpdates.swift in Sources */,
				BC236D8047C23D869164D59F /* BaseTableViewItemRender.swift in Sources */,
				A72802821FCA2492004BDC8A /* NibableView.swift in Sources */,
				A72C814420040A5800D6D2B4 /* TableDataSection.swift in Sources */,
				A72802841FCA2497004BDC8A /* NibLoader.swift in Sources */,
				BC23654032DD09EDC85DC1E4 /* GenericTableHeaderItem.swift in Sources */,
				BC2367FC9D3FA2B867EDE893 /* GenericTableHeaderItemRender.swift in Sources */,
				BC23630F8F6A19A5035E301D /* GenericTableItemRender.swift in Sources */,
				BC236C8451F6ECB55B1F8026 /* GenericTableItem.swift in Sources */,
				BC236C4A69A39D4DA7AC5873 /* SpacerTableViewCellRender.swift in Sources */,
				BC236419B5CBDE8957F80ECB /* RenderIntegrations.swift in Sources */,
				BC23692B80A59BA02A03B287 /* NibRegistrator.swift in Sources */,
			);
			runOnlyForDeploymentPostprocessing = 0;
		};
		A7D3CDBF1FADE61F00A8633F /* Sources */ = {
			isa = PBXSourcesBuildPhase;
			buildActionMask = 2147483647;
			files = (
				A781095A2002EE1F00C2388A /* SimpleTableTests.swift in Sources */,
				A706DE851FAF6E9D003FEAE6 /* TableDataContainerTests.swift in Sources */,
			);
			runOnlyForDeploymentPostprocessing = 0;
		};
/* End PBXSourcesBuildPhase section */

/* Begin PBXTargetDependency section */
		A7D3CDC61FADE61F00A8633F /* PBXTargetDependency */ = {
			isa = PBXTargetDependency;
			target = A7D3CDB91FADE61E00A8633F /* csenseIosViews */;
			targetProxy = A7D3CDC51FADE61F00A8633F /* PBXContainerItemProxy */;
		};
/* End PBXTargetDependency section */

/* Begin XCBuildConfiguration section */
		A7646D311FB9908E0011BBEF /* Debug */ = {
			isa = XCBuildConfiguration;
			buildSettings = {
				CODE_SIGN_STYLE = Automatic;
				PRODUCT_NAME = "$(TARGET_NAME)";
			};
			name = Debug;
		};
		A7646D321FB9908E0011BBEF /* Release */ = {
			isa = XCBuildConfiguration;
			buildSettings = {
				CODE_SIGN_STYLE = Automatic;
				PRODUCT_NAME = "$(TARGET_NAME)";
			};
			name = Release;
		};
		A7D3CDCC1FADE61F00A8633F /* Debug */ = {
			isa = XCBuildConfiguration;
			buildSettings = {
				ALWAYS_SEARCH_USER_PATHS = NO;
				CLANG_ANALYZER_NONNULL = YES;
				CLANG_ANALYZER_NUMBER_OBJECT_CONVERSION = YES_AGGRESSIVE;
				CLANG_CXX_LANGUAGE_STANDARD = "gnu++14";
				CLANG_CXX_LIBRARY = "libc++";
				CLANG_ENABLE_MODULES = YES;
				CLANG_ENABLE_OBJC_ARC = YES;
				CLANG_WARN_BLOCK_CAPTURE_AUTORELEASING = YES;
				CLANG_WARN_BOOL_CONVERSION = YES;
				CLANG_WARN_COMMA = YES;
				CLANG_WARN_CONSTANT_CONVERSION = YES;
				CLANG_WARN_DIRECT_OBJC_ISA_USAGE = YES_ERROR;
				CLANG_WARN_DOCUMENTATION_COMMENTS = YES;
				CLANG_WARN_EMPTY_BODY = YES;
				CLANG_WARN_ENUM_CONVERSION = YES;
				CLANG_WARN_INFINITE_RECURSION = YES;
				CLANG_WARN_INT_CONVERSION = YES;
				CLANG_WARN_NON_LITERAL_NULL_CONVERSION = YES;
				CLANG_WARN_OBJC_LITERAL_CONVERSION = YES;
				CLANG_WARN_OBJC_ROOT_CLASS = YES_ERROR;
				CLANG_WARN_RANGE_LOOP_ANALYSIS = YES;
				CLANG_WARN_STRICT_PROTOTYPES = YES;
				CLANG_WARN_SUSPICIOUS_MOVE = YES;
				CLANG_WARN_UNGUARDED_AVAILABILITY = YES_AGGRESSIVE;
				CLANG_WARN_UNREACHABLE_CODE = YES;
				CLANG_WARN__DUPLICATE_METHOD_MATCH = YES;
				CODE_SIGN_IDENTITY = "iPhone Developer";
				COPY_PHASE_STRIP = NO;
				CURRENT_PROJECT_VERSION = 1;
				DEBUG_INFORMATION_FORMAT = dwarf;
				ENABLE_BITCODE = NO;
				ENABLE_STRICT_OBJC_MSGSEND = YES;
				ENABLE_TESTABILITY = YES;
				GCC_C_LANGUAGE_STANDARD = gnu11;
				GCC_DYNAMIC_NO_PIC = NO;
				GCC_NO_COMMON_BLOCKS = YES;
				GCC_OPTIMIZATION_LEVEL = 0;
				GCC_PREPROCESSOR_DEFINITIONS = (
					"DEBUG=1",
					"$(inherited)",
				);
				GCC_WARN_64_TO_32_BIT_CONVERSION = YES;
				GCC_WARN_ABOUT_RETURN_TYPE = YES_ERROR;
				GCC_WARN_UNDECLARED_SELECTOR = YES;
				GCC_WARN_UNINITIALIZED_AUTOS = YES_AGGRESSIVE;
				GCC_WARN_UNUSED_FUNCTION = YES;
				GCC_WARN_UNUSED_VARIABLE = YES;
				IPHONEOS_DEPLOYMENT_TARGET = 9.0;
				MTL_ENABLE_DEBUG_INFO = YES;
				ONLY_ACTIVE_ARCH = YES;
				SDKROOT = iphoneos;
				SWIFT_ACTIVE_COMPILATION_CONDITIONS = DEBUG;
				SWIFT_OPTIMIZATION_LEVEL = "-Onone";
				VERSIONING_SYSTEM = "apple-generic";
				VERSION_INFO_PREFIX = "";
			};
			name = Debug;
		};
		A7D3CDCD1FADE61F00A8633F /* Release */ = {
			isa = XCBuildConfiguration;
			buildSettings = {
				ALWAYS_SEARCH_USER_PATHS = NO;
				CLANG_ANALYZER_NONNULL = YES;
				CLANG_ANALYZER_NUMBER_OBJECT_CONVERSION = YES_AGGRESSIVE;
				CLANG_CXX_LANGUAGE_STANDARD = "gnu++14";
				CLANG_CXX_LIBRARY = "libc++";
				CLANG_ENABLE_MODULES = YES;
				CLANG_ENABLE_OBJC_ARC = YES;
				CLANG_WARN_BLOCK_CAPTURE_AUTORELEASING = YES;
				CLANG_WARN_BOOL_CONVERSION = YES;
				CLANG_WARN_COMMA = YES;
				CLANG_WARN_CONSTANT_CONVERSION = YES;
				CLANG_WARN_DIRECT_OBJC_ISA_USAGE = YES_ERROR;
				CLANG_WARN_DOCUMENTATION_COMMENTS = YES;
				CLANG_WARN_EMPTY_BODY = YES;
				CLANG_WARN_ENUM_CONVERSION = YES;
				CLANG_WARN_INFINITE_RECURSION = YES;
				CLANG_WARN_INT_CONVERSION = YES;
				CLANG_WARN_NON_LITERAL_NULL_CONVERSION = YES;
				CLANG_WARN_OBJC_LITERAL_CONVERSION = YES;
				CLANG_WARN_OBJC_ROOT_CLASS = YES_ERROR;
				CLANG_WARN_RANGE_LOOP_ANALYSIS = YES;
				CLANG_WARN_STRICT_PROTOTYPES = YES;
				CLANG_WARN_SUSPICIOUS_MOVE = YES;
				CLANG_WARN_UNGUARDED_AVAILABILITY = YES_AGGRESSIVE;
				CLANG_WARN_UNREACHABLE_CODE = YES;
				CLANG_WARN__DUPLICATE_METHOD_MATCH = YES;
				CODE_SIGN_IDENTITY = "iPhone Developer";
				COPY_PHASE_STRIP = NO;
				CURRENT_PROJECT_VERSION = 1;
				DEBUG_INFORMATION_FORMAT = "dwarf-with-dsym";
				ENABLE_BITCODE = NO;
				ENABLE_NS_ASSERTIONS = NO;
				ENABLE_STRICT_OBJC_MSGSEND = YES;
				GCC_C_LANGUAGE_STANDARD = gnu11;
				GCC_NO_COMMON_BLOCKS = YES;
				GCC_WARN_64_TO_32_BIT_CONVERSION = YES;
				GCC_WARN_ABOUT_RETURN_TYPE = YES_ERROR;
				GCC_WARN_UNDECLARED_SELECTOR = YES;
				GCC_WARN_UNINITIALIZED_AUTOS = YES_AGGRESSIVE;
				GCC_WARN_UNUSED_FUNCTION = YES;
				GCC_WARN_UNUSED_VARIABLE = YES;
				IPHONEOS_DEPLOYMENT_TARGET = 9.0;
				MTL_ENABLE_DEBUG_INFO = NO;
				SDKROOT = iphoneos;
				SWIFT_OPTIMIZATION_LEVEL = "-Owholemodule";
				VALIDATE_PRODUCT = YES;
				VERSIONING_SYSTEM = "apple-generic";
				VERSION_INFO_PREFIX = "";
			};
			name = Release;
		};
		A7D3CDCF1FADE61F00A8633F /* Debug */ = {
			isa = XCBuildConfiguration;
			buildSettings = {
				APPLICATION_EXTENSION_API_ONLY = YES;
				BITCODE_GENERATION_MODE = marker;
				CLANG_ENABLE_MODULES = YES;
				CODE_SIGN_IDENTITY = "";
				CODE_SIGN_STYLE = Manual;
				DEFINES_MODULE = YES;
				DYLIB_COMPATIBILITY_VERSION = 1;
				DYLIB_CURRENT_VERSION = 1;
				DYLIB_INSTALL_NAME_BASE = "@rpath";
				ENABLE_BITCODE = YES;
				FRAMEWORK_SEARCH_PATHS = (
					"${PROJECT_DIR}/Carthage/Build/**",
					"$(PROJECT_DIR)/Carthage/Build/iOS",
				);
				INFOPLIST_FILE = csenseIosViews/Info.plist;
				INSTALL_PATH = "$(LOCAL_LIBRARY_DIR)/Frameworks";
				LD_RUNPATH_SEARCH_PATHS = "$(inherited) @executable_path/Frameworks @loader_path/Frameworks";
				PRODUCT_BUNDLE_IDENTIFIER = com.commonsense.csenseIosViews;
				PRODUCT_NAME = "$(TARGET_NAME:c99extidentifier)";
				SKIP_INSTALL = YES;
				SWIFT_OPTIMIZATION_LEVEL = "-Onone";
				SWIFT_VERSION = 4.0;
				TARGETED_DEVICE_FAMILY = "1,2";
			};
			name = Debug;
		};
		A7D3CDD01FADE61F00A8633F /* Release */ = {
			isa = XCBuildConfiguration;
			buildSettings = {
				APPLICATION_EXTENSION_API_ONLY = YES;
				BITCODE_GENERATION_MODE = bitcode;
				CLANG_ENABLE_MODULES = YES;
				CODE_SIGN_IDENTITY = "";
				CODE_SIGN_STYLE = Manual;
				DEFINES_MODULE = YES;
				DYLIB_COMPATIBILITY_VERSION = 1;
				DYLIB_CURRENT_VERSION = 1;
				DYLIB_INSTALL_NAME_BASE = "@rpath";
				ENABLE_BITCODE = YES;
				FRAMEWORK_SEARCH_PATHS = (
					"${PROJECT_DIR}/Carthage/Build/**",
					"$(PROJECT_DIR)/Carthage/Build/iOS",
				);
				INFOPLIST_FILE = csenseIosViews/Info.plist;
				INSTALL_PATH = "$(LOCAL_LIBRARY_DIR)/Frameworks";
				LD_RUNPATH_SEARCH_PATHS = "$(inherited) @executable_path/Frameworks @loader_path/Frameworks";
				PRODUCT_BUNDLE_IDENTIFIER = com.commonsense.csenseIosViews;
				PRODUCT_NAME = "$(TARGET_NAME:c99extidentifier)";
				SKIP_INSTALL = YES;
				SWIFT_VERSION = 4.0;
				TARGETED_DEVICE_FAMILY = "1,2";
			};
			name = Release;
		};
		A7D3CDD21FADE61F00A8633F /* Debug */ = {
			isa = XCBuildConfiguration;
			buildSettings = {
				ALWAYS_EMBED_SWIFT_STANDARD_LIBRARIES = YES;
				CODE_SIGN_STYLE = Manual;
				DEVELOPMENT_TEAM = "";
				INFOPLIST_FILE = csenseIosViewsTests/Info.plist;
				LD_RUNPATH_SEARCH_PATHS = "$(inherited) @executable_path/Frameworks @loader_path/Frameworks";
				PRODUCT_BUNDLE_IDENTIFIER = com.commonsense.csenseIosViewsTests;
				PRODUCT_NAME = "$(TARGET_NAME)";
				PROVISIONING_PROFILE_SPECIFIER = "";
				SWIFT_VERSION = 4.0;
				TARGETED_DEVICE_FAMILY = "1,2";
			};
			name = Debug;
		};
		A7D3CDD31FADE61F00A8633F /* Release */ = {
			isa = XCBuildConfiguration;
			buildSettings = {
				ALWAYS_EMBED_SWIFT_STANDARD_LIBRARIES = YES;
				CODE_SIGN_STYLE = Manual;
				DEVELOPMENT_TEAM = "";
				INFOPLIST_FILE = csenseIosViewsTests/Info.plist;
				LD_RUNPATH_SEARCH_PATHS = "$(inherited) @executable_path/Frameworks @loader_path/Frameworks";
				PRODUCT_BUNDLE_IDENTIFIER = com.commonsense.csenseIosViewsTests;
				PRODUCT_NAME = "$(TARGET_NAME)";
				PROVISIONING_PROFILE_SPECIFIER = "";
				SWIFT_VERSION = 4.0;
				TARGETED_DEVICE_FAMILY = "1,2";
			};
			name = Release;
		};
/* End XCBuildConfiguration section */

/* Begin XCConfigurationList section */
		A7646D331FB9908E0011BBEF /* Build configuration list for PBXAggregateTarget "csenseIosViewsFramework" */ = {
			isa = XCConfigurationList;
			buildConfigurations = (
				A7646D311FB9908E0011BBEF /* Debug */,
				A7646D321FB9908E0011BBEF /* Release */,
			);
			defaultConfigurationIsVisible = 0;
			defaultConfigurationName = Release;
		};
		A7D3CDB41FADE61E00A8633F /* Build configuration list for PBXProject "csenseIosViews" */ = {
			isa = XCConfigurationList;
			buildConfigurations = (
				A7D3CDCC1FADE61F00A8633F /* Debug */,
				A7D3CDCD1FADE61F00A8633F /* Release */,
			);
			defaultConfigurationIsVisible = 0;
			defaultConfigurationName = Release;
		};
		A7D3CDCE1FADE61F00A8633F /* Build configuration list for PBXNativeTarget "csenseIosViews" */ = {
			isa = XCConfigurationList;
			buildConfigurations = (
				A7D3CDCF1FADE61F00A8633F /* Debug */,
				A7D3CDD01FADE61F00A8633F /* Release */,
			);
			defaultConfigurationIsVisible = 0;
			defaultConfigurationName = Release;
		};
		A7D3CDD11FADE61F00A8633F /* Build configuration list for PBXNativeTarget "csenseIosViewsTests" */ = {
			isa = XCConfigurationList;
			buildConfigurations = (
				A7D3CDD21FADE61F00A8633F /* Debug */,
				A7D3CDD31FADE61F00A8633F /* Release */,
			);
			defaultConfigurationIsVisible = 0;
			defaultConfigurationName = Release;
		};
/* End XCConfigurationList section */
	};
	rootObject = A7D3CDB11FADE61E00A8633F /* Project object */;
}
